
Microsoft Visual Studio Solution File, Format Version 12.00
# Visual Studio Version 17
VisualStudioVersion = 17.2.32616.157
MinimumVisualStudioVersion = 10.0.40219.1
Project("{2150E333-8FDC-42A3-9474-1A3956D46DE8}") = "MVC 5 Views", "MVC 5 Views", "{8CBE6397-5B45-4885-95C5-210C98D7961C}"
	ProjectSection(SolutionItems) = preProject
		Create with ajax and page refresh\Create-1.cshtml = Create with ajax and page refresh\Create-1.cshtml
	EndProjectSection
EndProject
Project("{2150E333-8FDC-42A3-9474-1A3956D46DE8}") = "Core adding Oath2.0", "Core adding Oath2.0", "{D54D5CBA-1E23-4853-8523-AC35A4B4F3CD}"
	ProjectSection(SolutionItems) = preProject
		ResgisteringToBuilder.cs = ResgisteringToBuilder.cs
	EndProjectSection
EndProject
Global
	GlobalSection(SolutionProperties) = preSolution
		HideSolutionNode = FALSE
	EndGlobalSection
	GlobalSection(ExtensibilityGlobals) = postSolution
		SolutionGuid = {D1739104-7FF7-4658-8B90-381EF7FB6976}
	EndGlobalSection
EndGlobal
